
Microsoft Visual Studio Solution File, Format Version 12.00
# Visual Studio Version 16
VisualStudioVersion = 16.0.30717.126
MinimumVisualStudioVersion = 10.0.40219.1
Project("{FAE04EC0-301F-11D3-BF4B-00C04F79EFBC}") = "Movies-BE", "Movies-BE\Movies-BE.csproj", "{47EC297A-1B4C-44E2-8682-3D9C43719D6B}"
EndProject
Global
	GlobalSection(SolutionConfigurationPlatforms) = preSolution
		Debug|Any CPU = Debug|Any CPU
		Release|Any CPU = Release|Any CPU
	EndGlobalSection
	GlobalSection(ProjectConfigurationPlatforms) = postSolution
		{47EC297A-1B4C-44E2-8682-3D9C43719D6B}.Debug|Any CPU.ActiveCfg = Debug|Any CPU
		{47EC297A-1B4C-44E2-8682-3D9C43719D6B}.Debug|Any CPU.Build.0 = Debug|Any CPU
		{47EC297A-1B4C-44E2-8682-3D9C43719D6B}.Release|Any CPU.ActiveCfg = Release|Any CPU
		{47EC297A-1B4C-44E2-8682-3D9C43719D6B}.Release|Any CPU.Build.0 = Release|Any CPU
	EndGlobalSection
	GlobalSection(SolutionProperties) = preSolution
		HideSolutionNode = FALSE
	EndGlobalSection
	GlobalSection(ExtensibilityGlobals) = postSolution
		SolutionGuid = {4BE8F1AC-E691-44A7-A3C7-E3C3310AE645}
	EndGlobalSection
EndGlobal
